
Microsoft Visual Studio Solution File, Format Version 12.00
# Visual Studio 15
VisualStudioVersion = 15.0.28307.572
MinimumVisualStudioVersion = 10.0.40219.1
Project("{9A19103F-16F7-4668-BE54-9A1E7A4F7556}") = "Microsoft.Azure.Devices.Edge.Util", "Microsoft.Azure.Devices.Edge.Util\Microsoft.Azure.Devices.Edge.Util.csproj", "{2ABD45BB-02A6-49C8-A53F-28DCC9E29CD2}"
EndProject
Project("{9A19103F-16F7-4668-BE54-9A1E7A4F7556}") = "Microsoft.Azure.Devices.Edge.ModuleUtil", "Microsoft.Azure.Devices.Edge.ModuleUtil\Microsoft.Azure.Devices.Edge.ModuleUtil.csproj", "{CDD5A377-CD80-41BE-9B8D-ED80C07DC1AC}"
EndProject
Project("{FAE04EC0-301F-11D3-BF4B-00C04F79EFBC}") = "PumpSimulator", "PumpSimulator\PumpSimulator.csproj", "{2C524A40-1636-4ABB-B9EC-7F9E0AFB7223}"
EndProject
Project("{2150E333-8FDC-42A3-9474-1A3956D46DE8}") = "Solution Items", "Solution Items", "{CF190A7A-B364-4602-9EC1-BEF9F283C0E2}"
	ProjectSection(SolutionItems) = preProject
		Dockerfile = Dockerfile
	EndProjectSection
EndProject
Global
	GlobalSection(SolutionConfigurationPlatforms) = preSolution
		Debug|Any CPU = Debug|Any CPU
		Release|Any CPU = Release|Any CPU
	EndGlobalSection
	GlobalSection(ProjectConfigurationPlatforms) = postSolution
		{2ABD45BB-02A6-49C8-A53F-28DCC9E29CD2}.Debug|Any CPU.ActiveCfg = Debug|Any CPU
		{2ABD45BB-02A6-49C8-A53F-28DCC9E29CD2}.Debug|Any CPU.Build.0 = Debug|Any CPU
		{2ABD45BB-02A6-49C8-A53F-28DCC9E29CD2}.Release|Any CPU.ActiveCfg = Release|Any CPU
		{2ABD45BB-02A6-49C8-A53F-28DCC9E29CD2}.Release|Any CPU.Build.0 = Release|Any CPU
		{CDD5A377-CD80-41BE-9B8D-ED80C07DC1AC}.Debug|Any CPU.ActiveCfg = Debug|Any CPU
		{CDD5A377-CD80-41BE-9B8D-ED80C07DC1AC}.Debug|Any CPU.Build.0 = Debug|Any CPU
		{CDD5A377-CD80-41BE-9B8D-ED80C07DC1AC}.Release|Any CPU.ActiveCfg = Release|Any CPU
		{CDD5A377-CD80-41BE-9B8D-ED80C07DC1AC}.Release|Any CPU.Build.0 = Release|Any CPU
		{2C524A40-1636-4ABB-B9EC-7F9E0AFB7223}.Debug|Any CPU.ActiveCfg = Debug|Any CPU
		{2C524A40-1636-4ABB-B9EC-7F9E0AFB7223}.Debug|Any CPU.Build.0 = Debug|Any CPU
		{2C524A40-1636-4ABB-B9EC-7F9E0AFB7223}.Release|Any CPU.ActiveCfg = Release|Any CPU
		{2C524A40-1636-4ABB-B9EC-7F9E0AFB7223}.Release|Any CPU.Build.0 = Release|Any CPU
	EndGlobalSection
	GlobalSection(SolutionProperties) = preSolution
		HideSolutionNode = FALSE
	EndGlobalSection
	GlobalSection(ExtensibilityGlobals) = postSolution
		SolutionGuid = {F1F84F42-19BD-44DC-A981-4FD80AB891B6}
	EndGlobalSection
EndGlobal
